
Microsoft Visual Studio Solution File, Format Version 12.00
# Visual Studio 2013
VisualStudioVersion = 12.0.20623.1 VSUPREVIEW
MinimumVisualStudioVersion = 10.0.40219.1
Project("{FAE04EC0-301F-11D3-BF4B-00C04F79EFBC}") = "01. RealTimeChart", "RealTimeChart\01. RealTimeChart.csproj", "{E6BFD71A-E6BF-4325-9176-49647D020BA9}"
EndProject
Project("{FAE04EC0-301F-11D3-BF4B-00C04F79EFBC}") = "02. DatabaseChange", "DatabaseChange\02. DatabaseChange.csproj", "{9421E483-DE0B-4DC5-BD35-E519A6FC7C82}"
EndProject
Project("{FAE04EC0-301F-11D3-BF4B-00C04F79EFBC}") = "03. SignalRChat", "SignalRChat\03. SignalRChat.csproj", "{34E1FF0B-32BB-43CC-935C-4970A593BE9B}"
EndProject
Global
	GlobalSection(SolutionConfigurationPlatforms) = preSolution
		Debug|Any CPU = Debug|Any CPU
		Release|Any CPU = Release|Any CPU
	EndGlobalSection
	GlobalSection(ProjectConfigurationPlatforms) = postSolution
		{E6BFD71A-E6BF-4325-9176-49647D020BA9}.Debug|Any CPU.ActiveCfg = Debug|Any CPU
		{E6BFD71A-E6BF-4325-9176-49647D020BA9}.Debug|Any CPU.Build.0 = Debug|Any CPU
		{E6BFD71A-E6BF-4325-9176-49647D020BA9}.Release|Any CPU.ActiveCfg = Release|Any CPU
		{E6BFD71A-E6BF-4325-9176-49647D020BA9}.Release|Any CPU.Build.0 = Release|Any CPU
		{9421E483-DE0B-4DC5-BD35-E519A6FC7C82}.Debug|Any CPU.ActiveCfg = Debug|Any CPU
		{9421E483-DE0B-4DC5-BD35-E519A6FC7C82}.Debug|Any CPU.Build.0 = Debug|Any CPU
		{9421E483-DE0B-4DC5-BD35-E519A6FC7C82}.Release|Any CPU.ActiveCfg = Release|Any CPU
		{9421E483-DE0B-4DC5-BD35-E519A6FC7C82}.Release|Any CPU.Build.0 = Release|Any CPU
		{34E1FF0B-32BB-43CC-935C-4970A593BE9B}.Debug|Any CPU.ActiveCfg = Debug|Any CPU
		{34E1FF0B-32BB-43CC-935C-4970A593BE9B}.Debug|Any CPU.Build.0 = Debug|Any CPU
		{34E1FF0B-32BB-43CC-935C-4970A593BE9B}.Release|Any CPU.ActiveCfg = Release|Any CPU
		{34E1FF0B-32BB-43CC-935C-4970A593BE9B}.Release|Any CPU.Build.0 = Release|Any CPU
	EndGlobalSection
	GlobalSection(SolutionProperties) = preSolution
		HideSolutionNode = FALSE
	EndGlobalSection
EndGlobal
