
Microsoft Visual Studio Solution File, Format Version 12.00
# Visual Studio 2013
VisualStudioVersion = 12.0.20827.3
MinimumVisualStudioVersion = 10.0.40219.1
Project("{FAE04EC0-301F-11D3-BF4B-00C04F79EFBC}") = "AjaxMVCDemos", "AjaxMVCDemos\AjaxMVCDemos.csproj", "{5CC24A7F-B7B9-44B2-A714-C97DDD84FACD}"
EndProject
Global
	GlobalSection(SolutionConfigurationPlatforms) = preSolution
		Debug|Any CPU = Debug|Any CPU
		Release|Any CPU = Release|Any CPU
	EndGlobalSection
	GlobalSection(ProjectConfigurationPlatforms) = postSolution
		{5CC24A7F-B7B9-44B2-A714-C97DDD84FACD}.Debug|Any CPU.ActiveCfg = Debug|Any CPU
		{5CC24A7F-B7B9-44B2-A714-C97DDD84FACD}.Debug|Any CPU.Build.0 = Debug|Any CPU
		{5CC24A7F-B7B9-44B2-A714-C97DDD84FACD}.Release|Any CPU.ActiveCfg = Release|Any CPU
		{5CC24A7F-B7B9-44B2-A714-C97DDD84FACD}.Release|Any CPU.Build.0 = Release|Any CPU
	EndGlobalSection
	GlobalSection(SolutionProperties) = preSolution
		HideSolutionNode = FALSE
	EndGlobalSection
EndGlobal
