
Microsoft Visual Studio Solution File, Format Version 12.00
# Visual Studio 2013
VisualStudioVersion = 12.0.30723.0
MinimumVisualStudioVersion = 10.0.40219.1
Project("{FAE04EC0-301F-11D3-BF4B-00C04F79EFBC}") = "Caching.WebForms", "Caching.WebForms\Caching.WebForms.csproj", "{C265A72D-B40E-46DF-B669-AFB3FFB3E878}"
EndProject
Project("{FAE04EC0-301F-11D3-BF4B-00C04F79EFBC}") = "Caching.MVC", "Caching.MVC\Caching.MVC.csproj", "{69E9D7AD-EACC-40C5-B677-1EEAC31F8079}"
EndProject
Global
	GlobalSection(SolutionConfigurationPlatforms) = preSolution
		Debug|Any CPU = Debug|Any CPU
		Release|Any CPU = Release|Any CPU
	EndGlobalSection
	GlobalSection(ProjectConfigurationPlatforms) = postSolution
		{C265A72D-B40E-46DF-B669-AFB3FFB3E878}.Debug|Any CPU.ActiveCfg = Debug|Any CPU
		{C265A72D-B40E-46DF-B669-AFB3FFB3E878}.Debug|Any CPU.Build.0 = Debug|Any CPU
		{C265A72D-B40E-46DF-B669-AFB3FFB3E878}.Release|Any CPU.ActiveCfg = Release|Any CPU
		{C265A72D-B40E-46DF-B669-AFB3FFB3E878}.Release|Any CPU.Build.0 = Release|Any CPU
		{69E9D7AD-EACC-40C5-B677-1EEAC31F8079}.Debug|Any CPU.ActiveCfg = Debug|Any CPU
		{69E9D7AD-EACC-40C5-B677-1EEAC31F8079}.Debug|Any CPU.Build.0 = Debug|Any CPU
		{69E9D7AD-EACC-40C5-B677-1EEAC31F8079}.Release|Any CPU.ActiveCfg = Release|Any CPU
		{69E9D7AD-EACC-40C5-B677-1EEAC31F8079}.Release|Any CPU.Build.0 = Release|Any CPU
	EndGlobalSection
	GlobalSection(SolutionProperties) = preSolution
		HideSolutionNode = FALSE
	EndGlobalSection
EndGlobal
